
Microsoft Visual Studio Solution File, Format Version 12.00
# Visual Studio Version 17
VisualStudioVersion = 17.7.34031.279
MinimumVisualStudioVersion = 10.0.40219.1
Project("{8BC9CEB8-8B4A-11D0-8D11-00A0C91BC942}") = "lowercase_message", "lowercase_message\lowercase_message.vcxproj", "{AA2DF95F-7E6A-4444-8FC9-8267CD3FF65D}"
EndProject
Global
	GlobalSection(SolutionConfigurationPlatforms) = preSolution
		Debug|x64 = Debug|x64
		Debug|x86 = Debug|x86
		Release|x64 = Release|x64
		Release|x86 = Release|x86
	EndGlobalSection
	GlobalSection(ProjectConfigurationPlatforms) = postSolution
		{AA2DF95F-7E6A-4444-8FC9-8267CD3FF65D}.Debug|x64.ActiveCfg = Debug|x64
		{AA2DF95F-7E6A-4444-8FC9-8267CD3FF65D}.Debug|x64.Build.0 = Debug|x64
		{AA2DF95F-7E6A-4444-8FC9-8267CD3FF65D}.Debug|x86.ActiveCfg = Debug|Win32
		{AA2DF95F-7E6A-4444-8FC9-8267CD3FF65D}.Debug|x86.Build.0 = Debug|Win32
		{AA2DF95F-7E6A-4444-8FC9-8267CD3FF65D}.Release|x64.ActiveCfg = Release|x64
		{AA2DF95F-7E6A-4444-8FC9-8267CD3FF65D}.Release|x64.Build.0 = Release|x64
		{AA2DF95F-7E6A-4444-8FC9-8267CD3FF65D}.Release|x86.ActiveCfg = Release|Win32
		{AA2DF95F-7E6A-4444-8FC9-8267CD3FF65D}.Release|x86.Build.0 = Release|Win32
	EndGlobalSection
	GlobalSection(SolutionProperties) = preSolution
		HideSolutionNode = FALSE
	EndGlobalSection
	GlobalSection(ExtensibilityGlobals) = postSolution
		SolutionGuid = {644C74B9-37E5-4FD6-BA2B-E75722F82074}
	EndGlobalSection
EndGlobal
